
Microsoft Visual Studio Solution File, Format Version 12.00
# Visual Studio Version 17
VisualStudioVersion = 17.11.35219.272
MinimumVisualStudioVersion = 10.0.40219.1
Project("{2150E333-8FDC-42A3-9474-1A3956D46DE8}") = "Lektion 7", "Lektion 7", "{B5C1F50C-680F-49EE-A8C2-65AF71549676}"
EndProject
Project("{FAE04EC0-301F-11D3-BF4B-00C04F79EFBC}") = "L7-Checkbox-Example", "L7-Opg1\L7-Checkbox-Example.csproj", "{6EE1D4C7-77AC-47D9-B563-3F848D5F018E}"
EndProject
Project("{FAE04EC0-301F-11D3-BF4B-00C04F79EFBC}") = "L7-Opg1-REAL-SESSIONS", "L7-Opg1-REAL\L7-Opg1-REAL-SESSIONS.csproj", "{AC513C97-62FD-4D86-8FDD-0226B5595FEA}"
EndProject
Project("{FAE04EC0-301F-11D3-BF4B-00C04F79EFBC}") = "L7-Opg2", "L7-Opg2\L7-Opg2.csproj", "{8EEA2823-BB60-4BCD-813E-76512A3CE23E}"
EndProject
Project("{FAE04EC0-301F-11D3-BF4B-00C04F79EFBC}") = "WebApplication1", "..\..\..\Documents\GitHub\SchoolBytes\WebApplication1\WebApplication1.csproj", "{FE83C0A3-D0B9-4590-8A3A-66824B8B3FD5}"
EndProject
Project("{2150E333-8FDC-42A3-9474-1A3956D46DE8}") = "L10", "L10", "{09D9009F-86B4-4E24-9830-4942595A5D48}"
EndProject
Project("{FAE04EC0-301F-11D3-BF4B-00C04F79EFBC}") = "L10GetFindToWork", "L10GetFindToWork\L10GetFindToWork.csproj", "{A23F97F9-0266-4F6C-9E21-2E771A2F11C4}"
EndProject
Project("{FAE04EC0-301F-11D3-BF4B-00C04F79EFBC}") = "WPF-with-entityframework", "WPF-with-entityframework\WPF-with-entityframework.csproj", "{073E209D-409A-49B5-9C1B-F8C049E50F5E}"
EndProject
Project("{2150E333-8FDC-42A3-9474-1A3956D46DE8}") = "L14 - EF WPF and 3-lag", "L14 - EF WPF and 3-lag", "{E4E466BF-579A-4BE2-8DDC-CE17D0A5658E}"
EndProject
Project("{FAE04EC0-301F-11D3-BF4B-00C04F79EFBC}") = "BLL2", "BLL2\BLL2.csproj", "{ED4722F0-789A-47CA-9436-1A905AD55210}"
EndProject
Project("{FAE04EC0-301F-11D3-BF4B-00C04F79EFBC}") = "DAL2", "DAL2\DAL2.csproj", "{C6EE5DE8-EAEB-4776-8C6F-A5D5B69F8781}"
EndProject
Project("{FAE04EC0-301F-11D3-BF4B-00C04F79EFBC}") = "DTO2", "DTO2\DTO2.csproj", "{C394803C-06CA-43A3-A80A-3E3AB0944797}"
EndProject
Project("{FAE04EC0-301F-11D3-BF4B-00C04F79EFBC}") = "WebApp", "WebApp\WebApp.csproj", "{E91E458D-23E6-48E1-BDF6-06F8B84C7D71}"
EndProject
Global
	GlobalSection(SolutionConfigurationPlatforms) = preSolution
		Debug|Any CPU = Debug|Any CPU
		Release|Any CPU = Release|Any CPU
	EndGlobalSection
	GlobalSection(ProjectConfigurationPlatforms) = postSolution
		{6EE1D4C7-77AC-47D9-B563-3F848D5F018E}.Debug|Any CPU.ActiveCfg = Debug|Any CPU
		{6EE1D4C7-77AC-47D9-B563-3F848D5F018E}.Debug|Any CPU.Build.0 = Debug|Any CPU
		{6EE1D4C7-77AC-47D9-B563-3F848D5F018E}.Release|Any CPU.ActiveCfg = Release|Any CPU
		{6EE1D4C7-77AC-47D9-B563-3F848D5F018E}.Release|Any CPU.Build.0 = Release|Any CPU
		{AC513C97-62FD-4D86-8FDD-0226B5595FEA}.Debug|Any CPU.ActiveCfg = Debug|Any CPU
		{AC513C97-62FD-4D86-8FDD-0226B5595FEA}.Debug|Any CPU.Build.0 = Debug|Any CPU
		{AC513C97-62FD-4D86-8FDD-0226B5595FEA}.Release|Any CPU.ActiveCfg = Release|Any CPU
		{AC513C97-62FD-4D86-8FDD-0226B5595FEA}.Release|Any CPU.Build.0 = Release|Any CPU
		{8EEA2823-BB60-4BCD-813E-76512A3CE23E}.Debug|Any CPU.ActiveCfg = Debug|Any CPU
		{8EEA2823-BB60-4BCD-813E-76512A3CE23E}.Debug|Any CPU.Build.0 = Debug|Any CPU
		{8EEA2823-BB60-4BCD-813E-76512A3CE23E}.Release|Any CPU.ActiveCfg = Release|Any CPU
		{8EEA2823-BB60-4BCD-813E-76512A3CE23E}.Release|Any CPU.Build.0 = Release|Any CPU
		{FE83C0A3-D0B9-4590-8A3A-66824B8B3FD5}.Debug|Any CPU.ActiveCfg = Debug|Any CPU
		{FE83C0A3-D0B9-4590-8A3A-66824B8B3FD5}.Debug|Any CPU.Build.0 = Debug|Any CPU
		{FE83C0A3-D0B9-4590-8A3A-66824B8B3FD5}.Release|Any CPU.ActiveCfg = Release|Any CPU
		{FE83C0A3-D0B9-4590-8A3A-66824B8B3FD5}.Release|Any CPU.Build.0 = Release|Any CPU
		{A23F97F9-0266-4F6C-9E21-2E771A2F11C4}.Debug|Any CPU.ActiveCfg = Debug|Any CPU
		{A23F97F9-0266-4F6C-9E21-2E771A2F11C4}.Debug|Any CPU.Build.0 = Debug|Any CPU
		{A23F97F9-0266-4F6C-9E21-2E771A2F11C4}.Release|Any CPU.ActiveCfg = Release|Any CPU
		{A23F97F9-0266-4F6C-9E21-2E771A2F11C4}.Release|Any CPU.Build.0 = Release|Any CPU
		{073E209D-409A-49B5-9C1B-F8C049E50F5E}.Debug|Any CPU.ActiveCfg = Debug|Any CPU
		{073E209D-409A-49B5-9C1B-F8C049E50F5E}.Debug|Any CPU.Build.0 = Debug|Any CPU
		{073E209D-409A-49B5-9C1B-F8C049E50F5E}.Release|Any CPU.ActiveCfg = Release|Any CPU
		{073E209D-409A-49B5-9C1B-F8C049E50F5E}.Release|Any CPU.Build.0 = Release|Any CPU
		{ED4722F0-789A-47CA-9436-1A905AD55210}.Debug|Any CPU.ActiveCfg = Debug|Any CPU
		{ED4722F0-789A-47CA-9436-1A905AD55210}.Debug|Any CPU.Build.0 = Debug|Any CPU
		{ED4722F0-789A-47CA-9436-1A905AD55210}.Release|Any CPU.ActiveCfg = Release|Any CPU
		{ED4722F0-789A-47CA-9436-1A905AD55210}.Release|Any CPU.Build.0 = Release|Any CPU
		{C6EE5DE8-EAEB-4776-8C6F-A5D5B69F8781}.Debug|Any CPU.ActiveCfg = Debug|Any CPU
		{C6EE5DE8-EAEB-4776-8C6F-A5D5B69F8781}.Debug|Any CPU.Build.0 = Debug|Any CPU
		{C6EE5DE8-EAEB-4776-8C6F-A5D5B69F8781}.Release|Any CPU.ActiveCfg = Release|Any CPU
		{C6EE5DE8-EAEB-4776-8C6F-A5D5B69F8781}.Release|Any CPU.Build.0 = Release|Any CPU
		{C394803C-06CA-43A3-A80A-3E3AB0944797}.Debug|Any CPU.ActiveCfg = Debug|Any CPU
		{C394803C-06CA-43A3-A80A-3E3AB0944797}.Debug|Any CPU.Build.0 = Debug|Any CPU
		{C394803C-06CA-43A3-A80A-3E3AB0944797}.Release|Any CPU.ActiveCfg = Release|Any CPU
		{C394803C-06CA-43A3-A80A-3E3AB0944797}.Release|Any CPU.Build.0 = Release|Any CPU
		{E91E458D-23E6-48E1-BDF6-06F8B84C7D71}.Debug|Any CPU.ActiveCfg = Debug|Any CPU
		{E91E458D-23E6-48E1-BDF6-06F8B84C7D71}.Debug|Any CPU.Build.0 = Debug|Any CPU
		{E91E458D-23E6-48E1-BDF6-06F8B84C7D71}.Release|Any CPU.ActiveCfg = Release|Any CPU
		{E91E458D-23E6-48E1-BDF6-06F8B84C7D71}.Release|Any CPU.Build.0 = Release|Any CPU
	EndGlobalSection
	GlobalSection(SolutionProperties) = preSolution
		HideSolutionNode = FALSE
	EndGlobalSection
	GlobalSection(NestedProjects) = preSolution
		{6EE1D4C7-77AC-47D9-B563-3F848D5F018E} = {B5C1F50C-680F-49EE-A8C2-65AF71549676}
		{AC513C97-62FD-4D86-8FDD-0226B5595FEA} = {B5C1F50C-680F-49EE-A8C2-65AF71549676}
		{8EEA2823-BB60-4BCD-813E-76512A3CE23E} = {B5C1F50C-680F-49EE-A8C2-65AF71549676}
		{A23F97F9-0266-4F6C-9E21-2E771A2F11C4} = {09D9009F-86B4-4E24-9830-4942595A5D48}
		{073E209D-409A-49B5-9C1B-F8C049E50F5E} = {E4E466BF-579A-4BE2-8DDC-CE17D0A5658E}
		{ED4722F0-789A-47CA-9436-1A905AD55210} = {E4E466BF-579A-4BE2-8DDC-CE17D0A5658E}
		{C6EE5DE8-EAEB-4776-8C6F-A5D5B69F8781} = {E4E466BF-579A-4BE2-8DDC-CE17D0A5658E}
		{C394803C-06CA-43A3-A80A-3E3AB0944797} = {E4E466BF-579A-4BE2-8DDC-CE17D0A5658E}
		{E91E458D-23E6-48E1-BDF6-06F8B84C7D71} = {E4E466BF-579A-4BE2-8DDC-CE17D0A5658E}
	EndGlobalSection
	GlobalSection(ExtensibilityGlobals) = postSolution
		SolutionGuid = {93B9FA82-C80B-426B-B57F-97DE59A3A845}
	EndGlobalSection
EndGlobal
